
Microsoft Visual Studio Solution File, Format Version 12.00
# Visual Studio Version 16
VisualStudioVersion = 16.0.29025.244
MinimumVisualStudioVersion = 10.0.40219.1
Project("{FAE04EC0-301F-11D3-BF4B-00C04F79EFBC}") = "licenceServicesDemo2.Android", "licenceServicesDemo2\licenceServicesDemo2.Android\licenceServicesDemo2.Android.csproj", "{0D011792-A94D-4AFD-937C-6DE1A1CDCDD0}"
EndProject
Project("{FAE04EC0-301F-11D3-BF4B-00C04F79EFBC}") = "licenceServicesDemo2.iOS", "licenceServicesDemo2\licenceServicesDemo2.iOS\licenceServicesDemo2.iOS.csproj", "{0C6EC448-0E8E-49CF-AAFB-F715B60E37C2}"
EndProject
Project("{9A19103F-16F7-4668-BE54-9A1E7A4F7556}") = "licenceServicesDemo2", "licenceServicesDemo2\licenceServicesDemo2\licenceServicesDemo2.csproj", "{7E0EAEC1-8F4F-4471-940F-572A9A512E1F}"
EndProject
Project("{FAE04EC0-301F-11D3-BF4B-00C04F79EFBC}") = "licenceServicesDemo2.UWP", "licenceServicesDemo2\licenceServicesDemo2.UWP\licenceServicesDemo2.UWP.csproj", "{4AE75167-C799-4809-8499-1415BBFF2E7C}"
EndProject
Project("{2150E333-8FDC-42A3-9474-1A3956D46DE8}") = "Scrrenshot", "Scrrenshot", "{14E522A1-0D77-4CF3-8A6D-58D7EF71EFFF}"
EndProject
Project("{2150E333-8FDC-42A3-9474-1A3956D46DE8}") = "UWP", "UWP", "{2D58FE2A-EEFD-4C85-ABBA-EC15C003120B}"
	ProjectSection(SolutionItems) = preProject
		..\..\..\..\Desktop\UWP Picture\EditNewMenuPage.png = ..\..\..\..\Desktop\UWP Picture\EditNewMenuPage.png
		..\..\..\..\Desktop\UWP Picture\FeaturePage.png = ..\..\..\..\Desktop\UWP Picture\FeaturePage.png
		..\..\..\..\Desktop\UWP Picture\ForgetPasswordPage.png = ..\..\..\..\Desktop\UWP Picture\ForgetPasswordPage.png
		..\..\..\..\Desktop\UWP Picture\LoginPage.png = ..\..\..\..\Desktop\UWP Picture\LoginPage.png
		..\..\..\..\Desktop\UWP Picture\NewUserPAge.png = ..\..\..\..\Desktop\UWP Picture\NewUserPAge.png
		..\..\..\..\Desktop\UWP Picture\ServerListPage.png = ..\..\..\..\Desktop\UWP Picture\ServerListPage.png
	EndProjectSection
EndProject
Global
	GlobalSection(SolutionConfigurationPlatforms) = preSolution
		Debug|Any CPU = Debug|Any CPU
		Debug|ARM = Debug|ARM
		Debug|iPhone = Debug|iPhone
		Debug|iPhoneSimulator = Debug|iPhoneSimulator
		Debug|x64 = Debug|x64
		Debug|x86 = Debug|x86
		Release|Any CPU = Release|Any CPU
		Release|ARM = Release|ARM
		Release|iPhone = Release|iPhone
		Release|iPhoneSimulator = Release|iPhoneSimulator
		Release|x64 = Release|x64
		Release|x86 = Release|x86
	EndGlobalSection
	GlobalSection(ProjectConfigurationPlatforms) = postSolution
		{0D011792-A94D-4AFD-937C-6DE1A1CDCDD0}.Debug|Any CPU.ActiveCfg = Debug|Any CPU
		{0D011792-A94D-4AFD-937C-6DE1A1CDCDD0}.Debug|Any CPU.Build.0 = Debug|Any CPU
		{0D011792-A94D-4AFD-937C-6DE1A1CDCDD0}.Debug|Any CPU.Deploy.0 = Debug|Any CPU
		{0D011792-A94D-4AFD-937C-6DE1A1CDCDD0}.Debug|ARM.ActiveCfg = Debug|Any CPU
		{0D011792-A94D-4AFD-937C-6DE1A1CDCDD0}.Debug|ARM.Build.0 = Debug|Any CPU
		{0D011792-A94D-4AFD-937C-6DE1A1CDCDD0}.Debug|ARM.Deploy.0 = Debug|Any CPU
		{0D011792-A94D-4AFD-937C-6DE1A1CDCDD0}.Debug|iPhone.ActiveCfg = Debug|Any CPU
		{0D011792-A94D-4AFD-937C-6DE1A1CDCDD0}.Debug|iPhone.Build.0 = Debug|Any CPU
		{0D011792-A94D-4AFD-937C-6DE1A1CDCDD0}.Debug|iPhone.Deploy.0 = Debug|Any CPU
		{0D011792-A94D-4AFD-937C-6DE1A1CDCDD0}.Debug|iPhoneSimulator.ActiveCfg = Debug|Any CPU
		{0D011792-A94D-4AFD-937C-6DE1A1CDCDD0}.Debug|iPhoneSimulator.Build.0 = Debug|Any CPU
		{0D011792-A94D-4AFD-937C-6DE1A1CDCDD0}.Debug|iPhoneSimulator.Deploy.0 = Debug|Any CPU
		{0D011792-A94D-4AFD-937C-6DE1A1CDCDD0}.Debug|x64.ActiveCfg = Debug|Any CPU
		{0D011792-A94D-4AFD-937C-6DE1A1CDCDD0}.Debug|x64.Build.0 = Debug|Any CPU
		{0D011792-A94D-4AFD-937C-6DE1A1CDCDD0}.Debug|x64.Deploy.0 = Debug|Any CPU
		{0D011792-A94D-4AFD-937C-6DE1A1CDCDD0}.Debug|x86.ActiveCfg = Debug|Any CPU
		{0D011792-A94D-4AFD-937C-6DE1A1CDCDD0}.Debug|x86.Build.0 = Debug|Any CPU
		{0D011792-A94D-4AFD-937C-6DE1A1CDCDD0}.Debug|x86.Deploy.0 = Debug|Any CPU
		{0D011792-A94D-4AFD-937C-6DE1A1CDCDD0}.Release|Any CPU.ActiveCfg = Release|Any CPU
		{0D011792-A94D-4AFD-937C-6DE1A1CDCDD0}.Release|Any CPU.Build.0 = Release|Any CPU
		{0D011792-A94D-4AFD-937C-6DE1A1CDCDD0}.Release|Any CPU.Deploy.0 = Release|Any CPU
		{0D011792-A94D-4AFD-937C-6DE1A1CDCDD0}.Release|ARM.ActiveCfg = Release|Any CPU
		{0D011792-A94D-4AFD-937C-6DE1A1CDCDD0}.Release|ARM.Build.0 = Release|Any CPU
		{0D011792-A94D-4AFD-937C-6DE1A1CDCDD0}.Release|ARM.Deploy.0 = Release|Any CPU
		{0D011792-A94D-4AFD-937C-6DE1A1CDCDD0}.Release|iPhone.ActiveCfg = Release|Any CPU
		{0D011792-A94D-4AFD-937C-6DE1A1CDCDD0}.Release|iPhone.Build.0 = Release|Any CPU
		{0D011792-A94D-4AFD-937C-6DE1A1CDCDD0}.Release|iPhone.Deploy.0 = Release|Any CPU
		{0D011792-A94D-4AFD-937C-6DE1A1CDCDD0}.Release|iPhoneSimulator.ActiveCfg = Release|Any CPU
		{0D011792-A94D-4AFD-937C-6DE1A1CDCDD0}.Release|iPhoneSimulator.Build.0 = Release|Any CPU
		{0D011792-A94D-4AFD-937C-6DE1A1CDCDD0}.Release|iPhoneSimulator.Deploy.0 = Release|Any CPU
		{0D011792-A94D-4AFD-937C-6DE1A1CDCDD0}.Release|x64.ActiveCfg = Release|Any CPU
		{0D011792-A94D-4AFD-937C-6DE1A1CDCDD0}.Release|x64.Build.0 = Release|Any CPU
		{0D011792-A94D-4AFD-937C-6DE1A1CDCDD0}.Release|x64.Deploy.0 = Release|Any CPU
		{0D011792-A94D-4AFD-937C-6DE1A1CDCDD0}.Release|x86.ActiveCfg = Release|Any CPU
		{0D011792-A94D-4AFD-937C-6DE1A1CDCDD0}.Release|x86.Build.0 = Release|Any CPU
		{0D011792-A94D-4AFD-937C-6DE1A1CDCDD0}.Release|x86.Deploy.0 = Release|Any CPU
		{0C6EC448-0E8E-49CF-AAFB-F715B60E37C2}.Debug|Any CPU.ActiveCfg = Debug|iPhoneSimulator
		{0C6EC448-0E8E-49CF-AAFB-F715B60E37C2}.Debug|Any CPU.Build.0 = Debug|iPhoneSimulator
		{0C6EC448-0E8E-49CF-AAFB-F715B60E37C2}.Debug|Any CPU.Deploy.0 = Debug|iPhoneSimulator
		{0C6EC448-0E8E-49CF-AAFB-F715B60E37C2}.Debug|ARM.ActiveCfg = Debug|iPhone
		{0C6EC448-0E8E-49CF-AAFB-F715B60E37C2}.Debug|iPhone.ActiveCfg = Debug|iPhone
		{0C6EC448-0E8E-49CF-AAFB-F715B60E37C2}.Debug|iPhone.Build.0 = Debug|iPhone
		{0C6EC448-0E8E-49CF-AAFB-F715B60E37C2}.Debug|iPhone.Deploy.0 = Debug|iPhone
		{0C6EC448-0E8E-49CF-AAFB-F715B60E37C2}.Debug|iPhoneSimulator.ActiveCfg = Debug|iPhoneSimulator
		{0C6EC448-0E8E-49CF-AAFB-F715B60E37C2}.Debug|iPhoneSimulator.Build.0 = Debug|iPhoneSimulator
		{0C6EC448-0E8E-49CF-AAFB-F715B60E37C2}.Debug|iPhoneSimulator.Deploy.0 = Debug|iPhoneSimulator
		{0C6EC448-0E8E-49CF-AAFB-F715B60E37C2}.Debug|x64.ActiveCfg = Debug|iPhone
		{0C6EC448-0E8E-49CF-AAFB-F715B60E37C2}.Debug|x86.ActiveCfg = Debug|iPhone
		{0C6EC448-0E8E-49CF-AAFB-F715B60E37C2}.Release|Any CPU.ActiveCfg = Release|iPhone
		{0C6EC448-0E8E-49CF-AAFB-F715B60E37C2}.Release|Any CPU.Build.0 = Release|iPhone
		{0C6EC448-0E8E-49CF-AAFB-F715B60E37C2}.Release|Any CPU.Deploy.0 = Release|iPhone
		{0C6EC448-0E8E-49CF-AAFB-F715B60E37C2}.Release|ARM.ActiveCfg = Release|iPhoneSimulator
		{0C6EC448-0E8E-49CF-AAFB-F715B60E37C2}.Release|iPhone.ActiveCfg = Release|iPhone
		{0C6EC448-0E8E-49CF-AAFB-F715B60E37C2}.Release|iPhone.Build.0 = Release|iPhone
		{0C6EC448-0E8E-49CF-AAFB-F715B60E37C2}.Release|iPhone.Deploy.0 = Release|iPhone
		{0C6EC448-0E8E-49CF-AAFB-F715B60E37C2}.Release|iPhoneSimulator.ActiveCfg = Release|iPhoneSimulator
		{0C6EC448-0E8E-49CF-AAFB-F715B60E37C2}.Release|iPhoneSimulator.Build.0 = Release|iPhoneSimulator
		{0C6EC448-0E8E-49CF-AAFB-F715B60E37C2}.Release|iPhoneSimulator.Deploy.0 = Release|iPhoneSimulator
		{0C6EC448-0E8E-49CF-AAFB-F715B60E37C2}.Release|x64.ActiveCfg = Release|iPhoneSimulator
		{0C6EC448-0E8E-49CF-AAFB-F715B60E37C2}.Release|x86.ActiveCfg = Release|iPhoneSimulator
		{7E0EAEC1-8F4F-4471-940F-572A9A512E1F}.Debug|Any CPU.ActiveCfg = Debug|Any CPU
		{7E0EAEC1-8F4F-4471-940F-572A9A512E1F}.Debug|Any CPU.Build.0 = Debug|Any CPU
		{7E0EAEC1-8F4F-4471-940F-572A9A512E1F}.Debug|Any CPU.Deploy.0 = Debug|Any CPU
		{7E0EAEC1-8F4F-4471-940F-572A9A512E1F}.Debug|ARM.ActiveCfg = Debug|Any CPU
		{7E0EAEC1-8F4F-4471-940F-572A9A512E1F}.Debug|ARM.Build.0 = Debug|Any CPU
		{7E0EAEC1-8F4F-4471-940F-572A9A512E1F}.Debug|iPhone.ActiveCfg = Debug|Any CPU
		{7E0EAEC1-8F4F-4471-940F-572A9A512E1F}.Debug|iPhone.Build.0 = Debug|Any CPU
		{7E0EAEC1-8F4F-4471-940F-572A9A512E1F}.Debug|iPhone.Deploy.0 = Debug|Any CPU
		{7E0EAEC1-8F4F-4471-940F-572A9A512E1F}.Debug|iPhoneSimulator.ActiveCfg = Debug|Any CPU
		{7E0EAEC1-8F4F-4471-940F-572A9A512E1F}.Debug|iPhoneSimulator.Build.0 = Debug|Any CPU
		{7E0EAEC1-8F4F-4471-940F-572A9A512E1F}.Debug|iPhoneSimulator.Deploy.0 = Debug|Any CPU
		{7E0EAEC1-8F4F-4471-940F-572A9A512E1F}.Debug|x64.ActiveCfg = Debug|Any CPU
		{7E0EAEC1-8F4F-4471-940F-572A9A512E1F}.Debug|x64.Build.0 = Debug|Any CPU
		{7E0EAEC1-8F4F-4471-940F-572A9A512E1F}.Debug|x86.ActiveCfg = Debug|Any CPU
		{7E0EAEC1-8F4F-4471-940F-572A9A512E1F}.Debug|x86.Build.0 = Debug|Any CPU
		{7E0EAEC1-8F4F-4471-940F-572A9A512E1F}.Release|Any CPU.ActiveCfg = Release|Any CPU
		{7E0EAEC1-8F4F-4471-940F-572A9A512E1F}.Release|Any CPU.Build.0 = Release|Any CPU
		{7E0EAEC1-8F4F-4471-940F-572A9A512E1F}.Release|Any CPU.Deploy.0 = Release|Any CPU
		{7E0EAEC1-8F4F-4471-940F-572A9A512E1F}.Release|ARM.ActiveCfg = Release|Any CPU
		{7E0EAEC1-8F4F-4471-940F-572A9A512E1F}.Release|ARM.Build.0 = Release|Any CPU
		{7E0EAEC1-8F4F-4471-940F-572A9A512E1F}.Release|iPhone.ActiveCfg = Release|Any CPU
		{7E0EAEC1-8F4F-4471-940F-572A9A512E1F}.Release|iPhone.Build.0 = Release|Any CPU
		{7E0EAEC1-8F4F-4471-940F-572A9A512E1F}.Release|iPhone.Deploy.0 = Release|Any CPU
		{7E0EAEC1-8F4F-4471-940F-572A9A512E1F}.Release|iPhoneSimulator.ActiveCfg = Release|Any CPU
		{7E0EAEC1-8F4F-4471-940F-572A9A512E1F}.Release|iPhoneSimulator.Build.0 = Release|Any CPU
		{7E0EAEC1-8F4F-4471-940F-572A9A512E1F}.Release|iPhoneSimulator.Deploy.0 = Release|Any CPU
		{7E0EAEC1-8F4F-4471-940F-572A9A512E1F}.Release|x64.ActiveCfg = Release|Any CPU
		{7E0EAEC1-8F4F-4471-940F-572A9A512E1F}.Release|x64.Build.0 = Release|Any CPU
		{7E0EAEC1-8F4F-4471-940F-572A9A512E1F}.Release|x86.ActiveCfg = Release|Any CPU
		{7E0EAEC1-8F4F-4471-940F-572A9A512E1F}.Release|x86.Build.0 = Release|Any CPU
		{4AE75167-C799-4809-8499-1415BBFF2E7C}.Debug|Any CPU.ActiveCfg = Debug|x86
		{4AE75167-C799-4809-8499-1415BBFF2E7C}.Debug|ARM.ActiveCfg = Debug|ARM
		{4AE75167-C799-4809-8499-1415BBFF2E7C}.Debug|ARM.Build.0 = Debug|ARM
		{4AE75167-C799-4809-8499-1415BBFF2E7C}.Debug|ARM.Deploy.0 = Debug|ARM
		{4AE75167-C799-4809-8499-1415BBFF2E7C}.Debug|iPhone.ActiveCfg = Debug|x86
		{4AE75167-C799-4809-8499-1415BBFF2E7C}.Debug|iPhoneSimulator.ActiveCfg = Debug|x86
		{4AE75167-C799-4809-8499-1415BBFF2E7C}.Debug|x64.ActiveCfg = Debug|x64
		{4AE75167-C799-4809-8499-1415BBFF2E7C}.Debug|x64.Build.0 = Debug|x64
		{4AE75167-C799-4809-8499-1415BBFF2E7C}.Debug|x64.Deploy.0 = Debug|x64
		{4AE75167-C799-4809-8499-1415BBFF2E7C}.Debug|x86.ActiveCfg = Debug|x86
		{4AE75167-C799-4809-8499-1415BBFF2E7C}.Debug|x86.Build.0 = Debug|x86
		{4AE75167-C799-4809-8499-1415BBFF2E7C}.Debug|x86.Deploy.0 = Debug|x86
		{4AE75167-C799-4809-8499-1415BBFF2E7C}.Release|Any CPU.ActiveCfg = Release|x86
		{4AE75167-C799-4809-8499-1415BBFF2E7C}.Release|ARM.ActiveCfg = Release|ARM
		{4AE75167-C799-4809-8499-1415BBFF2E7C}.Release|ARM.Build.0 = Release|ARM
		{4AE75167-C799-4809-8499-1415BBFF2E7C}.Release|ARM.Deploy.0 = Release|ARM
		{4AE75167-C799-4809-8499-1415BBFF2E7C}.Release|iPhone.ActiveCfg = Release|x86
		{4AE75167-C799-4809-8499-1415BBFF2E7C}.Release|iPhoneSimulator.ActiveCfg = Release|x86
		{4AE75167-C799-4809-8499-1415BBFF2E7C}.Release|x64.ActiveCfg = Release|x64
		{4AE75167-C799-4809-8499-1415BBFF2E7C}.Release|x64.Build.0 = Release|x64
		{4AE75167-C799-4809-8499-1415BBFF2E7C}.Release|x64.Deploy.0 = Release|x64
		{4AE75167-C799-4809-8499-1415BBFF2E7C}.Release|x86.ActiveCfg = Release|x86
		{4AE75167-C799-4809-8499-1415BBFF2E7C}.Release|x86.Build.0 = Release|x86
		{4AE75167-C799-4809-8499-1415BBFF2E7C}.Release|x86.Deploy.0 = Release|x86
	EndGlobalSection
	GlobalSection(SolutionProperties) = preSolution
		HideSolutionNode = FALSE
	EndGlobalSection
	GlobalSection(NestedProjects) = preSolution
		{2D58FE2A-EEFD-4C85-ABBA-EC15C003120B} = {14E522A1-0D77-4CF3-8A6D-58D7EF71EFFF}
	EndGlobalSection
	GlobalSection(ExtensibilityGlobals) = postSolution
		SolutionGuid = {A9F6588B-E11C-47E5-A5E8-F8C40EAD0796}
	EndGlobalSection
EndGlobal
